// !$*UTF8*$!
{
	archiveVersion = 1;
	classes = {
	};
	objectVersion = 56;
	objects = {

/* Begin PBXBuildFile section */
		35828F4C2BE2814E0030B11B /* Samples.swift in Sources */ = {isa = PBXBuildFile; fileRef = 35828F4B2BE2814E0030B11B /* Samples.swift */; };
		35A25AD92BEBBC7600A29B54 /* StretchScrollViewController.swift in Sources */ = {isa = PBXBuildFile; fileRef = 35A25AD72BEBBC7600A29B54 /* StretchScrollViewController.swift */; };
		35A25ADA2BEBBC7600A29B54 /* StretchScrollViewController.xib in Resources */ = {isa = PBXBuildFile; fileRef = 35A25AD82BEBBC7600A29B54 /* StretchScrollViewController.xib */; };
		35A6C5182BEBC3A900D7211A /* UIViewController+Extension.swift in Sources */ = {isa = PBXBuildFile; fileRef = 35A6C5172BEBC3A900D7211A /* UIViewController+Extension.swift */; };
		35A6C51B2BEBC45C00D7211A /* TestViewController.swift in Sources */ = {isa = PBXBuildFile; fileRef = 35A6C51A2BEBC45C00D7211A /* TestViewController.swift */; };
		35A6C51F2BEBC6FE00D7211A /* ExpandableSheetViewController.swift in Sources */ = {isa = PBXBuildFile; fileRef = 35A6C51D2BEBC6FE00D7211A /* ExpandableSheetViewController.swift */; };
		35A6C5202BEBC6FE00D7211A /* ExpandableSheetViewController.xib in Resources */ = {isa = PBXBuildFile; fileRef = 35A6C51E2BEBC6FE00D7211A /* ExpandableSheetViewController.xib */; };
		35E4EA8C2BE1426D003A10D4 /* AppDelegate.swift in Sources */ = {isa = PBXBuildFile; fileRef = 35E4EA8B2BE1426D003A10D4 /* AppDelegate.swift */; };
		35E4EA8E2BE1426D003A10D4 /* SceneDelegate.swift in Sources */ = {isa = PBXBuildFile; fileRef = 35E4EA8D2BE1426D003A10D4 /* SceneDelegate.swift */; };
		35E4EA902BE1426D003A10D4 /* UIKitTableViewController.swift in Sources */ = {isa = PBXBuildFile; fileRef = 35E4EA8F2BE1426D003A10D4 /* UIKitTableViewController.swift */; };
		35E4EA932BE1426D003A10D4 /* Main.storyboard in Resources */ = {isa = PBXBuildFile; fileRef = 35E4EA912BE1426D003A10D4 /* Main.storyboard */; };
		35E4EA952BE1426E003A10D4 /* Assets.xcassets in Resources */ = {isa = PBXBuildFile; fileRef = 35E4EA942BE1426E003A10D4 /* Assets.xcassets */; };
		35E4EA982BE1426E003A10D4 /* LaunchScreen.storyboard in Resources */ = {isa = PBXBuildFile; fileRef = 35E4EA962BE1426E003A10D4 /* LaunchScreen.storyboard */; };
		35E4EAA32BE1426E003A10D4 /* SwiftUIKitLabsTests.swift in Sources */ = {isa = PBXBuildFile; fileRef = 35E4EAA22BE1426E003A10D4 /* SwiftUIKitLabsTests.swift */; };
		35E4EAAD2BE1426E003A10D4 /* SwiftUIKitLabsUITests.swift in Sources */ = {isa = PBXBuildFile; fileRef = 35E4EAAC2BE1426E003A10D4 /* SwiftUIKitLabsUITests.swift */; };
		35E4EAAF2BE1426E003A10D4 /* SwiftUIKitLabsUITestsLaunchTests.swift in Sources */ = {isa = PBXBuildFile; fileRef = 35E4EAAE2BE1426E003A10D4 /* SwiftUIKitLabsUITestsLaunchTests.swift */; };
		415DD004D6C262C988A9770D /* Pods_SwiftUIKitLabs.framework in Frameworks */ = {isa = PBXBuildFile; fileRef = AF84AF6C8FEE1CCE5D3D808D /* Pods_SwiftUIKitLabs.framework */; };
		4EF47ADF8057A0CAB1FB7419 /* Pods_SwiftUIKitLabsTests.framework in Frameworks */ = {isa = PBXBuildFile; fileRef = 91F73E4455F71897B62FAA0A /* Pods_SwiftUIKitLabsTests.framework */; };
		B27A51F52BEC4E3A006BAE5F /* SnapKit in Frameworks */ = {isa = PBXBuildFile; productRef = B27A51F42BEC4E3A006BAE5F /* SnapKit */; };
		B27A51F82BEC7539006BAE5F /* ExpandableSheetTwoViewController.swift in Sources */ = {isa = PBXBuildFile; fileRef = B27A51F62BEC7539006BAE5F /* ExpandableSheetTwoViewController.swift */; };
		B27A51F92BEC7539006BAE5F /* ExpandableSheetTwoViewController.xib in Resources */ = {isa = PBXBuildFile; fileRef = B27A51F72BEC7539006BAE5F /* ExpandableSheetTwoViewController.xib */; };
		B28D4AD02BF1B8FE00BACB4F /* TransformableSheetViewController.swift in Sources */ = {isa = PBXBuildFile; fileRef = B28D4ACF2BF1B8FE00BACB4F /* TransformableSheetViewController.swift */; };
		E83D9100C0BDBDC4A50F6A2A /* Pods_SwiftUIKitLabs_SwiftUIKitLabsUITests.framework in Frameworks */ = {isa = PBXBuildFile; fileRef = A9761E3C238F2C657DECE920 /* Pods_SwiftUIKitLabs_SwiftUIKitLabsUITests.framework */; };
/* End PBXBuildFile section */

/* Begin PBXContainerItemProxy section */
		35E4EA9F2BE1426E003A10D4 /* PBXContainerItemProxy */ = {
			isa = PBXContainerItemProxy;
			containerPortal = 35E4EA802BE1426D003A10D4 /* Project object */;
			proxyType = 1;
			remoteGlobalIDString = 35E4EA872BE1426D003A10D4;
			remoteInfo = SwiftUIKitLabs;
		};
		35E4EAA92BE1426E003A10D4 /* PBXContainerItemProxy */ = {
			isa = PBXContainerItemProxy;
			containerPortal = 35E4EA802BE1426D003A10D4 /* Project object */;
			proxyType = 1;
			remoteGlobalIDString = 35E4EA872BE1426D003A10D4;
			remoteInfo = SwiftUIKitLabs;
		};
/* End PBXContainerItemProxy section */

/* Begin PBXFileReference section */
		2C4E5CFF0C6AF835B288A913 /* Pods-SwiftUIKitLabs-SwiftUIKitLabsUITests.debug.xcconfig */ = {isa = PBXFileReference; includeInIndex = 1; lastKnownFileType = text.xcconfig; name = "Pods-SwiftUIKitLabs-SwiftUIKitLabsUITests.debug.xcconfig"; path = "Target Support Files/Pods-SwiftUIKitLabs-SwiftUIKitLabsUITests/Pods-SwiftUIKitLabs-SwiftUIKitLabsUITests.debug.xcconfig"; sourceTree = "<group>"; };
		33711E56E9E84D2D6A3FAC71 /* Pods-SwiftUIKitLabsTests.debug.xcconfig */ = {isa = PBXFileReference; includeInIndex = 1; lastKnownFileType = text.xcconfig; name = "Pods-SwiftUIKitLabsTests.debug.xcconfig"; path = "Target Support Files/Pods-SwiftUIKitLabsTests/Pods-SwiftUIKitLabsTests.debug.xcconfig"; sourceTree = "<group>"; };
		35828F4B2BE2814E0030B11B /* Samples.swift */ = {isa = PBXFileReference; fileEncoding = 4; lastKnownFileType = sourcecode.swift; path = Samples.swift; sourceTree = "<group>"; };
		35A25AD72BEBBC7600A29B54 /* StretchScrollViewController.swift */ = {isa = PBXFileReference; lastKnownFileType = sourcecode.swift; path = StretchScrollViewController.swift; sourceTree = "<group>"; };
		35A25AD82BEBBC7600A29B54 /* StretchScrollViewController.xib */ = {isa = PBXFileReference; lastKnownFileType = file.xib; path = StretchScrollViewController.xib; sourceTree = "<group>"; };
		35A6C5172BEBC3A900D7211A /* UIViewController+Extension.swift */ = {isa = PBXFileReference; lastKnownFileType = sourcecode.swift; path = "UIViewController+Extension.swift"; sourceTree = "<group>"; };
		35A6C51A2BEBC45C00D7211A /* TestViewController.swift */ = {isa = PBXFileReference; lastKnownFileType = sourcecode.swift; path = TestViewController.swift; sourceTree = "<group>"; };
		35A6C51D2BEBC6FE00D7211A /* ExpandableSheetViewController.swift */ = {isa = PBXFileReference; lastKnownFileType = sourcecode.swift; path = ExpandableSheetViewController.swift; sourceTree = "<group>"; };
		35A6C51E2BEBC6FE00D7211A /* ExpandableSheetViewController.xib */ = {isa = PBXFileReference; lastKnownFileType = file.xib; path = ExpandableSheetViewController.xib; sourceTree = "<group>"; };
		35E4EA882BE1426D003A10D4 /* SwiftUIKitLabs.app */ = {isa = PBXFileReference; explicitFileType = wrapper.application; includeInIndex = 0; path = SwiftUIKitLabs.app; sourceTree = BUILT_PRODUCTS_DIR; };
		35E4EA8B2BE1426D003A10D4 /* AppDelegate.swift */ = {isa = PBXFileReference; lastKnownFileType = sourcecode.swift; path = AppDelegate.swift; sourceTree = "<group>"; };
		35E4EA8D2BE1426D003A10D4 /* SceneDelegate.swift */ = {isa = PBXFileReference; lastKnownFileType = sourcecode.swift; path = SceneDelegate.swift; sourceTree = "<group>"; };
		35E4EA8F2BE1426D003A10D4 /* UIKitTableViewController.swift */ = {isa = PBXFileReference; lastKnownFileType = sourcecode.swift; path = UIKitTableViewController.swift; sourceTree = "<group>"; };
		35E4EA922BE1426D003A10D4 /* Base */ = {isa = PBXFileReference; lastKnownFileType = file.storyboard; name = Base; path = Base.lproj/Main.storyboard; sourceTree = "<group>"; };
		35E4EA942BE1426E003A10D4 /* Assets.xcassets */ = {isa = PBXFileReference; lastKnownFileType = folder.assetcatalog; path = Assets.xcassets; sourceTree = "<group>"; };
		35E4EA972BE1426E003A10D4 /* Base */ = {isa = PBXFileReference; lastKnownFileType = file.storyboard; name = Base; path = Base.lproj/LaunchScreen.storyboard; sourceTree = "<group>"; };
		35E4EA992BE1426E003A10D4 /* Info.plist */ = {isa = PBXFileReference; lastKnownFileType = text.plist.xml; path = Info.plist; sourceTree = "<group>"; };
		35E4EA9E2BE1426E003A10D4 /* SwiftUIKitLabsTests.xctest */ = {isa = PBXFileReference; explicitFileType = wrapper.cfbundle; includeInIndex = 0; path = SwiftUIKitLabsTests.xctest; sourceTree = BUILT_PRODUCTS_DIR; };
		35E4EAA22BE1426E003A10D4 /* SwiftUIKitLabsTests.swift */ = {isa = PBXFileReference; lastKnownFileType = sourcecode.swift; path = SwiftUIKitLabsTests.swift; sourceTree = "<group>"; };
		35E4EAA82BE1426E003A10D4 /* SwiftUIKitLabsUITests.xctest */ = {isa = PBXFileReference; explicitFileType = wrapper.cfbundle; includeInIndex = 0; path = SwiftUIKitLabsUITests.xctest; sourceTree = BUILT_PRODUCTS_DIR; };
		35E4EAAC2BE1426E003A10D4 /* SwiftUIKitLabsUITests.swift */ = {isa = PBXFileReference; lastKnownFileType = sourcecode.swift; path = SwiftUIKitLabsUITests.swift; sourceTree = "<group>"; };
		35E4EAAE2BE1426E003A10D4 /* SwiftUIKitLabsUITestsLaunchTests.swift */ = {isa = PBXFileReference; lastKnownFileType = sourcecode.swift; path = SwiftUIKitLabsUITestsLaunchTests.swift; sourceTree = "<group>"; };
		3824567AB0DBC581E762483F /* Pods-SwiftUIKitLabs.debug.xcconfig */ = {isa = PBXFileReference; includeInIndex = 1; lastKnownFileType = text.xcconfig; name = "Pods-SwiftUIKitLabs.debug.xcconfig"; path = "Target Support Files/Pods-SwiftUIKitLabs/Pods-SwiftUIKitLabs.debug.xcconfig"; sourceTree = "<group>"; };
		516786E92F6F62C0730572DF /* Pods-SwiftUIKitLabs-SwiftUIKitLabsUITests.release.xcconfig */ = {isa = PBXFileReference; includeInIndex = 1; lastKnownFileType = text.xcconfig; name = "Pods-SwiftUIKitLabs-SwiftUIKitLabsUITests.release.xcconfig"; path = "Target Support Files/Pods-SwiftUIKitLabs-SwiftUIKitLabsUITests/Pods-SwiftUIKitLabs-SwiftUIKitLabsUITests.release.xcconfig"; sourceTree = "<group>"; };
		634FF5EDCEBE0E920D9F01FD /* Pods-SwiftUIKitLabsTests.release.xcconfig */ = {isa = PBXFileReference; includeInIndex = 1; lastKnownFileType = text.xcconfig; name = "Pods-SwiftUIKitLabsTests.release.xcconfig"; path = "Target Support Files/Pods-SwiftUIKitLabsTests/Pods-SwiftUIKitLabsTests.release.xcconfig"; sourceTree = "<group>"; };
		91F73E4455F71897B62FAA0A /* Pods_SwiftUIKitLabsTests.framework */ = {isa = PBXFileReference; explicitFileType = wrapper.framework; includeInIndex = 0; path = Pods_SwiftUIKitLabsTests.framework; sourceTree = BUILT_PRODUCTS_DIR; };
		A9761E3C238F2C657DECE920 /* Pods_SwiftUIKitLabs_SwiftUIKitLabsUITests.framework */ = {isa = PBXFileReference; explicitFileType = wrapper.framework; includeInIndex = 0; path = Pods_SwiftUIKitLabs_SwiftUIKitLabsUITests.framework; sourceTree = BUILT_PRODUCTS_DIR; };
		AD2A239C4F91B45E2F167503 /* Pods-SwiftUIKitLabs.release.xcconfig */ = {isa = PBXFileReference; includeInIndex = 1; lastKnownFileType = text.xcconfig; name = "Pods-SwiftUIKitLabs.release.xcconfig"; path = "Target Support Files/Pods-SwiftUIKitLabs/Pods-SwiftUIKitLabs.release.xcconfig"; sourceTree = "<group>"; };
		AF84AF6C8FEE1CCE5D3D808D /* Pods_SwiftUIKitLabs.framework */ = {isa = PBXFileReference; explicitFileType = wrapper.framework; includeInIndex = 0; path = Pods_SwiftUIKitLabs.framework; sourceTree = BUILT_PRODUCTS_DIR; };
		B27A51F62BEC7539006BAE5F /* ExpandableSheetTwoViewController.swift */ = {isa = PBXFileReference; lastKnownFileType = sourcecode.swift; path = ExpandableSheetTwoViewController.swift; sourceTree = "<group>"; };
		B27A51F72BEC7539006BAE5F /* ExpandableSheetTwoViewController.xib */ = {isa = PBXFileReference; lastKnownFileType = file.xib; path = ExpandableSheetTwoViewController.xib; sourceTree = "<group>"; };
		B28D4ACF2BF1B8FE00BACB4F /* TransformableSheetViewController.swift */ = {isa = PBXFileReference; lastKnownFileType = sourcecode.swift; path = TransformableSheetViewController.swift; sourceTree = "<group>"; };
/* End PBXFileReference section */

/* Begin PBXFrameworksBuildPhase section */
		35E4EA852BE1426D003A10D4 /* Frameworks */ = {
			isa = PBXFrameworksBuildPhase;
			buildActionMask = 2147483647;
			files = (
				B27A51F52BEC4E3A006BAE5F /* SnapKit in Frameworks */,
				415DD004D6C262C988A9770D /* Pods_SwiftUIKitLabs.framework in Frameworks */,
			);
			runOnlyForDeploymentPostprocessing = 0;
		};
		35E4EA9B2BE1426E003A10D4 /* Frameworks */ = {
			isa = PBXFrameworksBuildPhase;
			buildActionMask = 2147483647;
			files = (
				4EF47ADF8057A0CAB1FB7419 /* Pods_SwiftUIKitLabsTests.framework in Frameworks */,
			);
			runOnlyForDeploymentPostprocessing = 0;
		};
		35E4EAA52BE1426E003A10D4 /* Frameworks */ = {
			isa = PBXFrameworksBuildPhase;
			buildActionMask = 2147483647;
			files = (
				E83D9100C0BDBDC4A50F6A2A /* Pods_SwiftUIKitLabs_SwiftUIKitLabsUITests.framework in Frameworks */,
			);
			runOnlyForDeploymentPostprocessing = 0;
		};
/* End PBXFrameworksBuildPhase section */

/* Begin PBXGroup section */
		35828F4D2BE2884D0030B11B /* Samples */ = {
			isa = PBXGroup;
			children = (
				35A6C51C2BEBC6C700D7211A /* ExpandableSheet */,
				35A6C5192BEBC44800D7211A /* TestVC */,
				35828F4E2BE2897D0030B11B /* Stretch */,
				35828F4B2BE2814E0030B11B /* Samples.swift */,
			);
			path = Samples;
			sourceTree = "<group>";
		};
		35828F4E2BE2897D0030B11B /* Stretch */ = {
			isa = PBXGroup;
			children = (
				35A25AD72BEBBC7600A29B54 /* StretchScrollViewController.swift */,
				35A25AD82BEBBC7600A29B54 /* StretchScrollViewController.xib */,
			);
			path = Stretch;
			sourceTree = "<group>";
		};
		35A6C5152BEBC38900D7211A /* Utilities */ = {
			isa = PBXGroup;
			children = (
				35A6C5162BEBC39B00D7211A /* Extension */,
			);
			path = Utilities;
			sourceTree = "<group>";
		};
		35A6C5162BEBC39B00D7211A /* Extension */ = {
			isa = PBXGroup;
			children = (
				35A6C5172BEBC3A900D7211A /* UIViewController+Extension.swift */,
			);
			path = Extension;
			sourceTree = "<group>";
		};
		35A6C5192BEBC44800D7211A /* TestVC */ = {
			isa = PBXGroup;
			children = (
				35A6C51A2BEBC45C00D7211A /* TestViewController.swift */,
			);
			path = TestVC;
			sourceTree = "<group>";
		};
		35A6C51C2BEBC6C700D7211A /* ExpandableSheet */ = {
			isa = PBXGroup;
			children = (
				35A6C5212BEBC83400D7211A /* Component */,
				35A6C51D2BEBC6FE00D7211A /* ExpandableSheetViewController.swift */,
				35A6C51E2BEBC6FE00D7211A /* ExpandableSheetViewController.xib */,
				B27A51F62BEC7539006BAE5F /* ExpandableSheetTwoViewController.swift */,
				B27A51F72BEC7539006BAE5F /* ExpandableSheetTwoViewController.xib */,
				B28D4ACF2BF1B8FE00BACB4F /* TransformableSheetViewController.swift */,
			);
			path = ExpandableSheet;
			sourceTree = "<group>";
		};
		35A6C5212BEBC83400D7211A /* Component */ = {
			isa = PBXGroup;
			children = (
			);
			path = Component;
			sourceTree = "<group>";
		};
		35E4EA7F2BE1426D003A10D4 = {
			isa = PBXGroup;
			children = (
				35E4EA8A2BE1426D003A10D4 /* SwiftUIKitLabs */,
				35E4EAA12BE1426E003A10D4 /* SwiftUIKitLabsTests */,
				35E4EAAB2BE1426E003A10D4 /* SwiftUIKitLabsUITests */,
				35E4EA892BE1426D003A10D4 /* Products */,
				D97F37E68A93289559889001 /* Pods */,
				E3D91AA5D3F0E55E81C02931 /* Frameworks */,
			);
			sourceTree = "<group>";
		};
		35E4EA892BE1426D003A10D4 /* Products */ = {
			isa = PBXGroup;
			children = (
				35E4EA882BE1426D003A10D4 /* SwiftUIKitLabs.app */,
				35E4EA9E2BE1426E003A10D4 /* SwiftUIKitLabsTests.xctest */,
				35E4EAA82BE1426E003A10D4 /* SwiftUIKitLabsUITests.xctest */,
			);
			name = Products;
			sourceTree = "<group>";
		};
		35E4EA8A2BE1426D003A10D4 /* SwiftUIKitLabs */ = {
			isa = PBXGroup;
			children = (
				35A6C5152BEBC38900D7211A /* Utilities */,
				35828F4D2BE2884D0030B11B /* Samples */,
				35E4EA8B2BE1426D003A10D4 /* AppDelegate.swift */,
				35E4EA8D2BE1426D003A10D4 /* SceneDelegate.swift */,
				35E4EA8F2BE1426D003A10D4 /* UIKitTableViewController.swift */,
				35E4EA912BE1426D003A10D4 /* Main.storyboard */,
				35E4EA942BE1426E003A10D4 /* Assets.xcassets */,
				35E4EA962BE1426E003A10D4 /* LaunchScreen.storyboard */,
				35E4EA992BE1426E003A10D4 /* Info.plist */,
			);
			path = SwiftUIKitLabs;
			sourceTree = "<group>";
		};
		35E4EAA12BE1426E003A10D4 /* SwiftUIKitLabsTests */ = {
			isa = PBXGroup;
			children = (
				35E4EAA22BE1426E003A10D4 /* SwiftUIKitLabsTests.swift */,
			);
			path = SwiftUIKitLabsTests;
			sourceTree = "<group>";
		};
		35E4EAAB2BE1426E003A10D4 /* SwiftUIKitLabsUITests */ = {
			isa = PBXGroup;
			children = (
				35E4EAAC2BE1426E003A10D4 /* SwiftUIKitLabsUITests.swift */,
				35E4EAAE2BE1426E003A10D4 /* SwiftUIKitLabsUITestsLaunchTests.swift */,
			);
			path = SwiftUIKitLabsUITests;
			sourceTree = "<group>";
		};
		D97F37E68A93289559889001 /* Pods */ = {
			isa = PBXGroup;
			children = (
				3824567AB0DBC581E762483F /* Pods-SwiftUIKitLabs.debug.xcconfig */,
				AD2A239C4F91B45E2F167503 /* Pods-SwiftUIKitLabs.release.xcconfig */,
				2C4E5CFF0C6AF835B288A913 /* Pods-SwiftUIKitLabs-SwiftUIKitLabsUITests.debug.xcconfig */,
				516786E92F6F62C0730572DF /* Pods-SwiftUIKitLabs-SwiftUIKitLabsUITests.release.xcconfig */,
				33711E56E9E84D2D6A3FAC71 /* Pods-SwiftUIKitLabsTests.debug.xcconfig */,
				634FF5EDCEBE0E920D9F01FD /* Pods-SwiftUIKitLabsTests.release.xcconfig */,
			);
			path = Pods;
			sourceTree = "<group>";
		};
		E3D91AA5D3F0E55E81C02931 /* Frameworks */ = {
			isa = PBXGroup;
			children = (
				AF84AF6C8FEE1CCE5D3D808D /* Pods_SwiftUIKitLabs.framework */,
				A9761E3C238F2C657DECE920 /* Pods_SwiftUIKitLabs_SwiftUIKitLabsUITests.framework */,
				91F73E4455F71897B62FAA0A /* Pods_SwiftUIKitLabsTests.framework */,
			);
			name = Frameworks;
			sourceTree = "<group>";
		};
/* End PBXGroup section */

/* Begin PBXNativeTarget section */
		35E4EA872BE1426D003A10D4 /* SwiftUIKitLabs */ = {
			isa = PBXNativeTarget;
			buildConfigurationList = 35E4EAB22BE1426E003A10D4 /* Build configuration list for PBXNativeTarget "SwiftUIKitLabs" */;
			buildPhases = (
				B5604E14276381083EFFC026 /* [CP] Check Pods Manifest.lock */,
				35E4EA842BE1426D003A10D4 /* Sources */,
				35E4EA852BE1426D003A10D4 /* Frameworks */,
				35E4EA862BE1426D003A10D4 /* Resources */,
				2D69AE6BA89373704C3753C4 /* [CP] Embed Pods Frameworks */,
			);
			buildRules = (
			);
			dependencies = (
			);
			name = SwiftUIKitLabs;
			packageProductDependencies = (
				B27A51F42BEC4E3A006BAE5F /* SnapKit */,
			);
			productName = SwiftUIKitLabs;
			productReference = 35E4EA882BE1426D003A10D4 /* SwiftUIKitLabs.app */;
			productType = "com.apple.product-type.application";
		};
		35E4EA9D2BE1426E003A10D4 /* SwiftUIKitLabsTests */ = {
			isa = PBXNativeTarget;
			buildConfigurationList = 35E4EAB52BE1426E003A10D4 /* Build configuration list for PBXNativeTarget "SwiftUIKitLabsTests" */;
			buildPhases = (
				84BD1721DE23AD32642A6D73 /* [CP] Check Pods Manifest.lock */,
				35E4EA9A2BE1426E003A10D4 /* Sources */,
				35E4EA9B2BE1426E003A10D4 /* Frameworks */,
				35E4EA9C2BE1426E003A10D4 /* Resources */,
			);
			buildRules = (
			);
			dependencies = (
				35E4EAA02BE1426E003A10D4 /* PBXTargetDependency */,
			);
			name = SwiftUIKitLabsTests;
			productName = SwiftUIKitLabsTests;
			productReference = 35E4EA9E2BE1426E003A10D4 /* SwiftUIKitLabsTests.xctest */;
			productType = "com.apple.product-type.bundle.unit-test";
		};
		35E4EAA72BE1426E003A10D4 /* SwiftUIKitLabsUITests */ = {
			isa = PBXNativeTarget;
			buildConfigurationList = 35E4EAB82BE1426E003A10D4 /* Build configuration list for PBXNativeTarget "SwiftUIKitLabsUITests" */;
			buildPhases = (
				2C7193AB1C121B0AF62EA325 /* [CP] Check Pods Manifest.lock */,
				35E4EAA42BE1426E003A10D4 /* Sources */,
				35E4EAA52BE1426E003A10D4 /* Frameworks */,
				35E4EAA62BE1426E003A10D4 /* Resources */,
				351F98ADE6885554E84B4B12 /* [CP] Embed Pods Frameworks */,
			);
			buildRules = (
			);
			dependencies = (
				35E4EAAA2BE1426E003A10D4 /* PBXTargetDependency */,
			);
			name = SwiftUIKitLabsUITests;
			productName = SwiftUIKitLabsUITests;
			productReference = 35E4EAA82BE1426E003A10D4 /* SwiftUIKitLabsUITests.xctest */;
			productType = "com.apple.product-type.bundle.ui-testing";
		};
/* End PBXNativeTarget section */

/* Begin PBXProject section */
		35E4EA802BE1426D003A10D4 /* Project object */ = {
			isa = PBXProject;
			attributes = {
				BuildIndependentTargetsInParallel = 1;
				LastSwiftUpdateCheck = 1500;
				LastUpgradeCheck = 1500;
				TargetAttributes = {
					35E4EA872BE1426D003A10D4 = {
						CreatedOnToolsVersion = 15.0;
					};
					35E4EA9D2BE1426E003A10D4 = {
						CreatedOnToolsVersion = 15.0;
						TestTargetID = 35E4EA872BE1426D003A10D4;
					};
					35E4EAA72BE1426E003A10D4 = {
						CreatedOnToolsVersion = 15.0;
						TestTargetID = 35E4EA872BE1426D003A10D4;
					};
				};
			};
			buildConfigurationList = 35E4EA832BE1426D003A10D4 /* Build configuration list for PBXProject "SwiftUIKitLabs" */;
			compatibilityVersion = "Xcode 14.0";
			developmentRegion = en;
			hasScannedForEncodings = 0;
			knownRegions = (
				en,
				Base,
			);
			mainGroup = 35E4EA7F2BE1426D003A10D4;
			packageReferences = (
				B27A51F32BEC4E3A006BAE5F /* XCRemoteSwiftPackageReference "SnapKit" */,
			);
			productRefGroup = 35E4EA892BE1426D003A10D4 /* Products */;
			projectDirPath = "";
			projectRoot = "";
			targets = (
				35E4EA872BE1426D003A10D4 /* SwiftUIKitLabs */,
				35E4EA9D2BE1426E003A10D4 /* SwiftUIKitLabsTests */,
				35E4EAA72BE1426E003A10D4 /* SwiftUIKitLabsUITests */,
			);
		};
/* End PBXProject section */

/* Begin PBXResourcesBuildPhase section */
		35E4EA862BE1426D003A10D4 /* Resources */ = {
			isa = PBXResourcesBuildPhase;
			buildActionMask = 2147483647;
			files = (
				35E4EA982BE1426E003A10D4 /* LaunchScreen.storyboard in Resources */,
				B27A51F92BEC7539006BAE5F /* ExpandableSheetTwoViewController.xib in Resources */,
				35E4EA952BE1426E003A10D4 /* Assets.xcassets in Resources */,
				35A25ADA2BEBBC7600A29B54 /* StretchScrollViewController.xib in Resources */,
				35E4EA932BE1426D003A10D4 /* Main.storyboard in Resources */,
				35A6C5202BEBC6FE00D7211A /* ExpandableSheetViewController.xib in Resources */,
			);
			runOnlyForDeploymentPostprocessing = 0;
		};
		35E4EA9C2BE1426E003A10D4 /* Resources */ = {
			isa = PBXResourcesBuildPhase;
			buildActionMask = 2147483647;
			files = (
			);
			runOnlyForDeploymentPostprocessing = 0;
		};
		35E4EAA62BE1426E003A10D4 /* Resources */ = {
			isa = PBXResourcesBuildPhase;
			buildActionMask = 2147483647;
			files = (
			);
			runOnlyForDeploymentPostprocessing = 0;
		};
/* End PBXResourcesBuildPhase section */

/* Begin PBXShellScriptBuildPhase section */
		2C7193AB1C121B0AF62EA325 /* [CP] Check Pods Manifest.lock */ = {
			isa = PBXShellScriptBuildPhase;
			buildActionMask = 2147483647;
			files = (
			);
			inputFileListPaths = (
			);
			inputPaths = (
				"${PODS_PODFILE_DIR_PATH}/Podfile.lock",
				"${PODS_ROOT}/Manifest.lock",
			);
			name = "[CP] Check Pods Manifest.lock";
			outputFileListPaths = (
			);
			outputPaths = (
				"$(DERIVED_FILE_DIR)/Pods-SwiftUIKitLabs-SwiftUIKitLabsUITests-checkManifestLockResult.txt",
			);
			runOnlyForDeploymentPostprocessing = 0;
			shellPath = /bin/sh;
			shellScript = "diff \"${PODS_PODFILE_DIR_PATH}/Podfile.lock\" \"${PODS_ROOT}/Manifest.lock\" > /dev/null\nif [ $? != 0 ] ; then\n    # print error to STDERR\n    echo \"error: The sandbox is not in sync with the Podfile.lock. Run 'pod install' or update your CocoaPods installation.\" >&2\n    exit 1\nfi\n# This output is used by Xcode 'outputs' to avoid re-running this script phase.\necho \"SUCCESS\" > \"${SCRIPT_OUTPUT_FILE_0}\"\n";
			showEnvVarsInLog = 0;
		};
		2D69AE6BA89373704C3753C4 /* [CP] Embed Pods Frameworks */ = {
			isa = PBXShellScriptBuildPhase;
			buildActionMask = 2147483647;
			files = (
			);
			inputFileListPaths = (
				"${PODS_ROOT}/Target Support Files/Pods-SwiftUIKitLabs/Pods-SwiftUIKitLabs-frameworks-${CONFIGURATION}-input-files.xcfilelist",
			);
			name = "[CP] Embed Pods Frameworks";
			outputFileListPaths = (
				"${PODS_ROOT}/Target Support Files/Pods-SwiftUIKitLabs/Pods-SwiftUIKitLabs-frameworks-${CONFIGURATION}-output-files.xcfilelist",
			);
			runOnlyForDeploymentPostprocessing = 0;
			shellPath = /bin/sh;
			shellScript = "\"${PODS_ROOT}/Target Support Files/Pods-SwiftUIKitLabs/Pods-SwiftUIKitLabs-frameworks.sh\"\n";
			showEnvVarsInLog = 0;
		};
		351F98ADE6885554E84B4B12 /* [CP] Embed Pods Frameworks */ = {
			isa = PBXShellScriptBuildPhase;
			buildActionMask = 2147483647;
			files = (
			);
			inputFileListPaths = (
				"${PODS_ROOT}/Target Support Files/Pods-SwiftUIKitLabs-SwiftUIKitLabsUITests/Pods-SwiftUIKitLabs-SwiftUIKitLabsUITests-frameworks-${CONFIGURATION}-input-files.xcfilelist",
			);
			name = "[CP] Embed Pods Frameworks";
			outputFileListPaths = (
				"${PODS_ROOT}/Target Support Files/Pods-SwiftUIKitLabs-SwiftUIKitLabsUITests/Pods-SwiftUIKitLabs-SwiftUIKitLabsUITests-frameworks-${CONFIGURATION}-output-files.xcfilelist",
			);
			runOnlyForDeploymentPostprocessing = 0;
			shellPath = /bin/sh;
			shellScript = "\"${PODS_ROOT}/Target Support Files/Pods-SwiftUIKitLabs-SwiftUIKitLabsUITests/Pods-SwiftUIKitLabs-SwiftUIKitLabsUITests-frameworks.sh\"\n";
			showEnvVarsInLog = 0;
		};
		84BD1721DE23AD32642A6D73 /* [CP] Check Pods Manifest.lock */ = {
			isa = PBXShellScriptBuildPhase;
			buildActionMask = 2147483647;
			files = (
			);
			inputFileListPaths = (
			);
			inputPaths = (
				"${PODS_PODFILE_DIR_PATH}/Podfile.lock",
				"${PODS_ROOT}/Manifest.lock",
			);
			name = "[CP] Check Pods Manifest.lock";
			outputFileListPaths = (
			);
			outputPaths = (
				"$(DERIVED_FILE_DIR)/Pods-SwiftUIKitLabsTests-checkManifestLockResult.txt",
			);
			runOnlyForDeploymentPostprocessing = 0;
			shellPath = /bin/sh;
			shellScript = "diff \"${PODS_PODFILE_DIR_PATH}/Podfile.lock\" \"${PODS_ROOT}/Manifest.lock\" > /dev/null\nif [ $? != 0 ] ; then\n    # print error to STDERR\n    echo \"error: The sandbox is not in sync with the Podfile.lock. Run 'pod install' or update your CocoaPods installation.\" >&2\n    exit 1\nfi\n# This output is used by Xcode 'outputs' to avoid re-running this script phase.\necho \"SUCCESS\" > \"${SCRIPT_OUTPUT_FILE_0}\"\n";
			showEnvVarsInLog = 0;
		};
		B5604E14276381083EFFC026 /* [CP] Check Pods Manifest.lock */ = {
			isa = PBXShellScriptBuildPhase;
			buildActionMask = 2147483647;
			files = (
			);
			inputFileListPaths = (
			);
			inputPaths = (
				"${PODS_PODFILE_DIR_PATH}/Podfile.lock",
				"${PODS_ROOT}/Manifest.lock",
			);
			name = "[CP] Check Pods Manifest.lock";
			outputFileListPaths = (
			);
			outputPaths = (
				"$(DERIVED_FILE_DIR)/Pods-SwiftUIKitLabs-checkManifestLockResult.txt",
			);
			runOnlyForDeploymentPostprocessing = 0;
			shellPath = /bin/sh;
			shellScript = "diff \"${PODS_PODFILE_DIR_PATH}/Podfile.lock\" \"${PODS_ROOT}/Manifest.lock\" > /dev/null\nif [ $? != 0 ] ; then\n    # print error to STDERR\n    echo \"error: The sandbox is not in sync with the Podfile.lock. Run 'pod install' or update your CocoaPods installation.\" >&2\n    exit 1\nfi\n# This output is used by Xcode 'outputs' to avoid re-running this script phase.\necho \"SUCCESS\" > \"${SCRIPT_OUTPUT_FILE_0}\"\n";
			showEnvVarsInLog = 0;
		};
/* End PBXShellScriptBuildPhase section */

/* Begin PBXSourcesBuildPhase section */
		35E4EA842BE1426D003A10D4 /* Sources */ = {
			isa = PBXSourcesBuildPhase;
			buildActionMask = 2147483647;
			files = (
				35A6C51B2BEBC45C00D7211A /* TestViewController.swift in Sources */,
				35A6C5182BEBC3A900D7211A /* UIViewController+Extension.swift in Sources */,
				35A6C51F2BEBC6FE00D7211A /* ExpandableSheetViewController.swift in Sources */,
				35A25AD92BEBBC7600A29B54 /* StretchScrollViewController.swift in Sources */,
				B27A51F82BEC7539006BAE5F /* ExpandableSheetTwoViewController.swift in Sources */,
				35E4EA902BE1426D003A10D4 /* UIKitTableViewController.swift in Sources */,
				35828F4C2BE2814E0030B11B /* Samples.swift in Sources */,
				B28D4AD02BF1B8FE00BACB4F /* TransformableSheetViewController.swift in Sources */,
				35E4EA8C2BE1426D003A10D4 /* AppDelegate.swift in Sources */,
				35E4EA8E2BE1426D003A10D4 /* SceneDelegate.swift in Sources */,
			);
			runOnlyForDeploymentPostprocessing = 0;
		};
		35E4EA9A2BE1426E003A10D4 /* Sources */ = {
			isa = PBXSourcesBuildPhase;
			buildActionMask = 2147483647;
			files = (
				35E4EAA32BE1426E003A10D4 /* SwiftUIKitLabsTests.swift in Sources */,
			);
			runOnlyForDeploymentPostprocessing = 0;
		};
		35E4EAA42BE1426E003A10D4 /* Sources */ = {
			isa = PBXSourcesBuildPhase;
			buildActionMask = 2147483647;
			files = (
				35E4EAAD2BE1426E003A10D4 /* SwiftUIKitLabsUITests.swift in Sources */,
				35E4EAAF2BE1426E003A10D4 /* SwiftUIKitLabsUITestsLaunchTests.swift in Sources */,
			);
			runOnlyForDeploymentPostprocessing = 0;
		};
/* End PBXSourcesBuildPhase section */

/* Begin PBXTargetDependency section */
		35E4EAA02BE1426E003A10D4 /* PBXTargetDependency */ = {
			isa = PBXTargetDependency;
			target = 35E4EA872BE1426D003A10D4 /* SwiftUIKitLabs */;
			targetProxy = 35E4EA9F2BE1426E003A10D4 /* PBXContainerItemProxy */;
		};
		35E4EAAA2BE1426E003A10D4 /* PBXTargetDependency */ = {
			isa = PBXTargetDependency;
			target = 35E4EA872BE1426D003A10D4 /* SwiftUIKitLabs */;
			targetProxy = 35E4EAA92BE1426E003A10D4 /* PBXContainerItemProxy */;
		};
/* End PBXTargetDependency section */

/* Begin PBXVariantGroup section */
		35E4EA912BE1426D003A10D4 /* Main.storyboard */ = {
			isa = PBXVariantGroup;
			children = (
				35E4EA922BE1426D003A10D4 /* Base */,
			);
			name = Main.storyboard;
			sourceTree = "<group>";
		};
		35E4EA962BE1426E003A10D4 /* LaunchScreen.storyboard */ = {
			isa = PBXVariantGroup;
			children = (
				35E4EA972BE1426E003A10D4 /* Base */,
			);
			name = LaunchScreen.storyboard;
			sourceTree = "<group>";
		};
/* End PBXVariantGroup section */

/* Begin XCBuildConfiguration section */
		35E4EAB02BE1426E003A10D4 /* Debug */ = {
			isa = XCBuildConfiguration;
			buildSettings = {
				ALWAYS_SEARCH_USER_PATHS = NO;
				ASSETCATALOG_COMPILER_GENERATE_SWIFT_ASSET_SYMBOL_EXTENSIONS = YES;
				CLANG_ANALYZER_NONNULL = YES;
				CLANG_ANALYZER_NUMBER_OBJECT_CONVERSION = YES_AGGRESSIVE;
				CLANG_CXX_LANGUAGE_STANDARD = "gnu++20";
				CLANG_ENABLE_MODULES = YES;
				CLANG_ENABLE_OBJC_ARC = YES;
				CLANG_ENABLE_OBJC_WEAK = YES;
				CLANG_WARN_BLOCK_CAPTURE_AUTORELEASING = YES;
				CLANG_WARN_BOOL_CONVERSION = YES;
				CLANG_WARN_COMMA = YES;
				CLANG_WARN_CONSTANT_CONVERSION = YES;
				CLANG_WARN_DEPRECATED_OBJC_IMPLEMENTATIONS = YES;
				CLANG_WARN_DIRECT_OBJC_ISA_USAGE = YES_ERROR;
				CLANG_WARN_DOCUMENTATION_COMMENTS = YES;
				CLANG_WARN_EMPTY_BODY = YES;
				CLANG_WARN_ENUM_CONVERSION = YES;
				CLANG_WARN_INFINITE_RECURSION = YES;
				CLANG_WARN_INT_CONVERSION = YES;
				CLANG_WARN_NON_LITERAL_NULL_CONVERSION = YES;
				CLANG_WARN_OBJC_IMPLICIT_RETAIN_SELF = YES;
				CLANG_WARN_OBJC_LITERAL_CONVERSION = YES;
				CLANG_WARN_OBJC_ROOT_CLASS = YES_ERROR;
				CLANG_WARN_QUOTED_INCLUDE_IN_FRAMEWORK_HEADER = YES;
				CLANG_WARN_RANGE_LOOP_ANALYSIS = YES;
				CLANG_WARN_STRICT_PROTOTYPES = YES;
				CLANG_WARN_SUSPICIOUS_MOVE = YES;
				CLANG_WARN_UNGUARDED_AVAILABILITY = YES_AGGRESSIVE;
				CLANG_WARN_UNREACHABLE_CODE = YES;
				CLANG_WARN__DUPLICATE_METHOD_MATCH = YES;
				COPY_PHASE_STRIP = NO;
				DEBUG_INFORMATION_FORMAT = dwarf;
				ENABLE_STRICT_OBJC_MSGSEND = YES;
				ENABLE_TESTABILITY = YES;
				ENABLE_USER_SCRIPT_SANDBOXING = YES;
				GCC_C_LANGUAGE_STANDARD = gnu17;
				GCC_DYNAMIC_NO_PIC = NO;
				GCC_NO_COMMON_BLOCKS = YES;
				GCC_OPTIMIZATION_LEVEL = 0;
				GCC_PREPROCESSOR_DEFINITIONS = (
					"DEBUG=1",
					"$(inherited)",
				);
				GCC_WARN_64_TO_32_BIT_CONVERSION = YES;
				GCC_WARN_ABOUT_RETURN_TYPE = YES_ERROR;
				GCC_WARN_UNDECLARED_SELECTOR = YES;
				GCC_WARN_UNINITIALIZED_AUTOS = YES_AGGRESSIVE;
				GCC_WARN_UNUSED_FUNCTION = YES;
				GCC_WARN_UNUSED_VARIABLE = YES;
				IPHONEOS_DEPLOYMENT_TARGET = 17.0;
				LOCALIZATION_PREFERS_STRING_CATALOGS = YES;
				MTL_ENABLE_DEBUG_INFO = INCLUDE_SOURCE;
				MTL_FAST_MATH = YES;
				ONLY_ACTIVE_ARCH = YES;
				SDKROOT = iphoneos;
				SWIFT_ACTIVE_COMPILATION_CONDITIONS = "DEBUG $(inherited)";
				SWIFT_OPTIMIZATION_LEVEL = "-Onone";
			};
			name = Debug;
		};
		35E4EAB12BE1426E003A10D4 /* Release */ = {
			isa = XCBuildConfiguration;
			buildSettings = {
				ALWAYS_SEARCH_USER_PATHS = NO;
				ASSETCATALOG_COMPILER_GENERATE_SWIFT_ASSET_SYMBOL_EXTENSIONS = YES;
				CLANG_ANALYZER_NONNULL = YES;
				CLANG_ANALYZER_NUMBER_OBJECT_CONVERSION = YES_AGGRESSIVE;
				CLANG_CXX_LANGUAGE_STANDARD = "gnu++20";
				CLANG_ENABLE_MODULES = YES;
				CLANG_ENABLE_OBJC_ARC = YES;
				CLANG_ENABLE_OBJC_WEAK = YES;
				CLANG_WARN_BLOCK_CAPTURE_AUTORELEASING = YES;
				CLANG_WARN_BOOL_CONVERSION = YES;
				CLANG_WARN_COMMA = YES;
				CLANG_WARN_CONSTANT_CONVERSION = YES;
				CLANG_WARN_DEPRECATED_OBJC_IMPLEMENTATIONS = YES;
				CLANG_WARN_DIRECT_OBJC_ISA_USAGE = YES_ERROR;
				CLANG_WARN_DOCUMENTATION_COMMENTS = YES;
				CLANG_WARN_EMPTY_BODY = YES;
				CLANG_WARN_ENUM_CONVERSION = YES;
				CLANG_WARN_INFINITE_RECURSION = YES;
				CLANG_WARN_INT_CONVERSION = YES;
				CLANG_WARN_NON_LITERAL_NULL_CONVERSION = YES;
				CLANG_WARN_OBJC_IMPLICIT_RETAIN_SELF = YES;
				CLANG_WARN_OBJC_LITERAL_CONVERSION = YES;
				CLANG_WARN_OBJC_ROOT_CLASS = YES_ERROR;
				CLANG_WARN_QUOTED_INCLUDE_IN_FRAMEWORK_HEADER = YES;
				CLANG_WARN_RANGE_LOOP_ANALYSIS = YES;
				CLANG_WARN_STRICT_PROTOTYPES = YES;
				CLANG_WARN_SUSPICIOUS_MOVE = YES;
				CLANG_WARN_UNGUARDED_AVAILABILITY = YES_AGGRESSIVE;
				CLANG_WARN_UNREACHABLE_CODE = YES;
				CLANG_WARN__DUPLICATE_METHOD_MATCH = YES;
				COPY_PHASE_STRIP = NO;
				DEBUG_INFORMATION_FORMAT = "dwarf-with-dsym";
				ENABLE_NS_ASSERTIONS = NO;
				ENABLE_STRICT_OBJC_MSGSEND = YES;
				ENABLE_USER_SCRIPT_SANDBOXING = YES;
				GCC_C_LANGUAGE_STANDARD = gnu17;
				GCC_NO_COMMON_BLOCKS = YES;
				GCC_WARN_64_TO_32_BIT_CONVERSION = YES;
				GCC_WARN_ABOUT_RETURN_TYPE = YES_ERROR;
				GCC_WARN_UNDECLARED_SELECTOR = YES;
				GCC_WARN_UNINITIALIZED_AUTOS = YES_AGGRESSIVE;
				GCC_WARN_UNUSED_FUNCTION = YES;
				GCC_WARN_UNUSED_VARIABLE = YES;
				IPHONEOS_DEPLOYMENT_TARGET = 17.0;
				LOCALIZATION_PREFERS_STRING_CATALOGS = YES;
				MTL_ENABLE_DEBUG_INFO = NO;
				MTL_FAST_MATH = YES;
				SDKROOT = iphoneos;
				SWIFT_COMPILATION_MODE = wholemodule;
				VALIDATE_PRODUCT = YES;
			};
			name = Release;
		};
		35E4EAB32BE1426E003A10D4 /* Debug */ = {
			isa = XCBuildConfiguration;
			baseConfigurationReference = 3824567AB0DBC581E762483F /* Pods-SwiftUIKitLabs.debug.xcconfig */;
			buildSettings = {
				ASSETCATALOG_COMPILER_APPICON_NAME = AppIcon;
				ASSETCATALOG_COMPILER_GLOBAL_ACCENT_COLOR_NAME = AccentColor;
				CODE_SIGN_STYLE = Automatic;
				CURRENT_PROJECT_VERSION = 1;
				DEVELOPMENT_TEAM = YNN2UAMM79;
				ENABLE_USER_SCRIPT_SANDBOXING = NO;
				GENERATE_INFOPLIST_FILE = YES;
				INFOPLIST_FILE = SwiftUIKitLabs/Info.plist;
				INFOPLIST_KEY_UIApplicationSupportsIndirectInputEvents = YES;
				INFOPLIST_KEY_UILaunchStoryboardName = LaunchScreen;
				INFOPLIST_KEY_UIMainStoryboardFile = Main;
				INFOPLIST_KEY_UISupportedInterfaceOrientations_iPad = "UIInterfaceOrientationPortrait UIInterfaceOrientationPortraitUpsideDown UIInterfaceOrientationLandscapeLeft UIInterfaceOrientationLandscapeRight";
				INFOPLIST_KEY_UISupportedInterfaceOrientations_iPhone = "UIInterfaceOrientationPortrait UIInterfaceOrientationLandscapeLeft UIInterfaceOrientationLandscapeRight";
				IPHONEOS_DEPLOYMENT_TARGET = 15.0;
				LD_RUNPATH_SEARCH_PATHS = (
					"$(inherited)",
					"@executable_path/Frameworks",
				);
				MARKETING_VERSION = 1.0;
				PRODUCT_BUNDLE_IDENTIFIER = chounghui.SwiftUIKitLabs;
				PRODUCT_NAME = "$(TARGET_NAME)";
				SWIFT_EMIT_LOC_STRINGS = YES;
				SWIFT_VERSION = 5.0;
				TARGETED_DEVICE_FAMILY = "1,2";
			};
			name = Debug;
		};
		35E4EAB42BE1426E003A10D4 /* Release */ = {
			isa = XCBuildConfiguration;
			baseConfigurationReference = AD2A239C4F91B45E2F167503 /* Pods-SwiftUIKitLabs.release.xcconfig */;
			buildSettings = {
				ASSETCATALOG_COMPILER_APPICON_NAME = AppIcon;
				ASSETCATALOG_COMPILER_GLOBAL_ACCENT_COLOR_NAME = AccentColor;
				CODE_SIGN_STYLE = Automatic;
				CURRENT_PROJECT_VERSION = 1;
				DEVELOPMENT_TEAM = YNN2UAMM79;
				ENABLE_USER_SCRIPT_SANDBOXING = NO;
				GENERATE_INFOPLIST_FILE = YES;
				INFOPLIST_FILE = SwiftUIKitLabs/Info.plist;
				INFOPLIST_KEY_UIApplicationSupportsIndirectInputEvents = YES;
				INFOPLIST_KEY_UILaunchStoryboardName = LaunchScreen;
				INFOPLIST_KEY_UIMainStoryboardFile = Main;
				INFOPLIST_KEY_UISupportedInterfaceOrientations_iPad = "UIInterfaceOrientationPortrait UIInterfaceOrientationPortraitUpsideDown UIInterfaceOrientationLandscapeLeft UIInterfaceOrientationLandscapeRight";
				INFOPLIST_KEY_UISupportedInterfaceOrientations_iPhone = "UIInterfaceOrientationPortrait UIInterfaceOrientationLandscapeLeft UIInterfaceOrientationLandscapeRight";
				IPHONEOS_DEPLOYMENT_TARGET = 15.0;
				LD_RUNPATH_SEARCH_PATHS = (
					"$(inherited)",
					"@executable_path/Frameworks",
				);
				MARKETING_VERSION = 1.0;
				PRODUCT_BUNDLE_IDENTIFIER = chounghui.SwiftUIKitLabs;
				PRODUCT_NAME = "$(TARGET_NAME)";
				SWIFT_EMIT_LOC_STRINGS = YES;
				SWIFT_VERSION = 5.0;
				TARGETED_DEVICE_FAMILY = "1,2";
			};
			name = Release;
		};
		35E4EAB62BE1426E003A10D4 /* Debug */ = {
			isa = XCBuildConfiguration;
			baseConfigurationReference = 33711E56E9E84D2D6A3FAC71 /* Pods-SwiftUIKitLabsTests.debug.xcconfig */;
			buildSettings = {
				ALWAYS_EMBED_SWIFT_STANDARD_LIBRARIES = YES;
				BUNDLE_LOADER = "$(TEST_HOST)";
				CODE_SIGN_STYLE = Automatic;
				CURRENT_PROJECT_VERSION = 1;
				DEVELOPMENT_TEAM = YNN2UAMM79;
				GENERATE_INFOPLIST_FILE = YES;
				IPHONEOS_DEPLOYMENT_TARGET = 17.0;
				MARKETING_VERSION = 1.0;
				PRODUCT_BUNDLE_IDENTIFIER = chounghui.SwiftUIKitLabsTests;
				PRODUCT_NAME = "$(TARGET_NAME)";
				SWIFT_EMIT_LOC_STRINGS = NO;
				SWIFT_VERSION = 5.0;
				TARGETED_DEVICE_FAMILY = "1,2";
				TEST_HOST = "$(BUILT_PRODUCTS_DIR)/SwiftUIKitLabs.app/$(BUNDLE_EXECUTABLE_FOLDER_PATH)/SwiftUIKitLabs";
			};
			name = Debug;
		};
		35E4EAB72BE1426E003A10D4 /* Release */ = {
			isa = XCBuildConfiguration;
			baseConfigurationReference = 634FF5EDCEBE0E920D9F01FD /* Pods-SwiftUIKitLabsTests.release.xcconfig */;
			buildSettings = {
				ALWAYS_EMBED_SWIFT_STANDARD_LIBRARIES = YES;
				BUNDLE_LOADER = "$(TEST_HOST)";
				CODE_SIGN_STYLE = Automatic;
				CURRENT_PROJECT_VERSION = 1;
				DEVELOPMENT_TEAM = YNN2UAMM79;
				GENERATE_INFOPLIST_FILE = YES;
				IPHONEOS_DEPLOYMENT_TARGET = 17.0;
				MARKETING_VERSION = 1.0;
				PRODUCT_BUNDLE_IDENTIFIER = chounghui.SwiftUIKitLabsTests;
				PRODUCT_NAME = "$(TARGET_NAME)";
				SWIFT_EMIT_LOC_STRINGS = NO;
				SWIFT_VERSION = 5.0;
				TARGETED_DEVICE_FAMILY = "1,2";
				TEST_HOST = "$(BUILT_PRODUCTS_DIR)/SwiftUIKitLabs.app/$(BUNDLE_EXECUTABLE_FOLDER_PATH)/SwiftUIKitLabs";
			};
			name = Release;
		};
		35E4EAB92BE1426E003A10D4 /* Debug */ = {
			isa = XCBuildConfiguration;
			baseConfigurationReference = 2C4E5CFF0C6AF835B288A913 /* Pods-SwiftUIKitLabs-SwiftUIKitLabsUITests.debug.xcconfig */;
			buildSettings = {
				ALWAYS_EMBED_SWIFT_STANDARD_LIBRARIES = YES;
				CODE_SIGN_STYLE = Automatic;
				CURRENT_PROJECT_VERSION = 1;
				DEVELOPMENT_TEAM = YNN2UAMM79;
				GENERATE_INFOPLIST_FILE = YES;
				MARKETING_VERSION = 1.0;
				PRODUCT_BUNDLE_IDENTIFIER = chounghui.SwiftUIKitLabsUITests;
				PRODUCT_NAME = "$(TARGET_NAME)";
				SWIFT_EMIT_LOC_STRINGS = NO;
				SWIFT_VERSION = 5.0;
				TARGETED_DEVICE_FAMILY = "1,2";
				TEST_TARGET_NAME = SwiftUIKitLabs;
			};
			name = Debug;
		};
		35E4EABA2BE1426E003A10D4 /* Release */ = {
			isa = XCBuildConfiguration;
			baseConfigurationReference = 516786E92F6F62C0730572DF /* Pods-SwiftUIKitLabs-SwiftUIKitLabsUITests.release.xcconfig */;
			buildSettings = {
				ALWAYS_EMBED_SWIFT_STANDARD_LIBRARIES = YES;
				CODE_SIGN_STYLE = Automatic;
				CURRENT_PROJECT_VERSION = 1;
				DEVELOPMENT_TEAM = YNN2UAMM79;
				GENERATE_INFOPLIST_FILE = YES;
				MARKETING_VERSION = 1.0;
				PRODUCT_BUNDLE_IDENTIFIER = chounghui.SwiftUIKitLabsUITests;
				PRODUCT_NAME = "$(TARGET_NAME)";
				SWIFT_EMIT_LOC_STRINGS = NO;
				SWIFT_VERSION = 5.0;
				TARGETED_DEVICE_FAMILY = "1,2";
				TEST_TARGET_NAME = SwiftUIKitLabs;
			};
			name = Release;
		};
/* End XCBuildConfiguration section */

/* Begin XCConfigurationList section */
		35E4EA832BE1426D003A10D4 /* Build configuration list for PBXProject "SwiftUIKitLabs" */ = {
			isa = XCConfigurationList;
			buildConfigurations = (
				35E4EAB02BE1426E003A10D4 /* Debug */,
				35E4EAB12BE1426E003A10D4 /* Release */,
			);
			defaultConfigurationIsVisible = 0;
			defaultConfigurationName = Release;
		};
		35E4EAB22BE1426E003A10D4 /* Build configuration list for PBXNativeTarget "SwiftUIKitLabs" */ = {
			isa = XCConfigurationList;
			buildConfigurations = (
				35E4EAB32BE1426E003A10D4 /* Debug */,
				35E4EAB42BE1426E003A10D4 /* Release */,
			);
			defaultConfigurationIsVisible = 0;
			defaultConfigurationName = Release;
		};
		35E4EAB52BE1426E003A10D4 /* Build configuration list for PBXNativeTarget "SwiftUIKitLabsTests" */ = {
			isa = XCConfigurationList;
			buildConfigurations = (
				35E4EAB62BE1426E003A10D4 /* Debug */,
				35E4EAB72BE1426E003A10D4 /* Release */,
			);
			defaultConfigurationIsVisible = 0;
			defaultConfigurationName = Release;
		};
		35E4EAB82BE1426E003A10D4 /* Build configuration list for PBXNativeTarget "SwiftUIKitLabsUITests" */ = {
			isa = XCConfigurationList;
			buildConfigurations = (
				35E4EAB92BE1426E003A10D4 /* Debug */,
				35E4EABA2BE1426E003A10D4 /* Release */,
			);
			defaultConfigurationIsVisible = 0;
			defaultConfigurationName = Release;
		};
/* End XCConfigurationList section */

/* Begin XCRemoteSwiftPackageReference section */
		B27A51F32BEC4E3A006BAE5F /* XCRemoteSwiftPackageReference "SnapKit" */ = {
			isa = XCRemoteSwiftPackageReference;
			repositoryURL = "https://github.com/SnapKit/SnapKit";
			requirement = {
				kind = upToNextMajorVersion;
				minimumVersion = 5.7.1;
			};
		};
/* End XCRemoteSwiftPackageReference section */

/* Begin XCSwiftPackageProductDependency section */
		B27A51F42BEC4E3A006BAE5F /* SnapKit */ = {
			isa = XCSwiftPackageProductDependency;
			package = B27A51F32BEC4E3A006BAE5F /* XCRemoteSwiftPackageReference "SnapKit" */;
			productName = SnapKit;
		};
/* End XCSwiftPackageProductDependency section */
	};
	rootObject = 35E4EA802BE1426D003A10D4 /* Project object */;
}
